
Microsoft Visual Studio Solution File, Format Version 12.00
# Visual Studio Version 16
VisualStudioVersion = 16.0.29709.97
MinimumVisualStudioVersion = 10.0.40219.1
Project("{8BC9CEB8-8B4A-11D0-8D11-00A0C91BC942}") = "Laboratorium01", "Laboratorium01\Laboratorium01.vcxproj", "{F8B33F79-48E2-41A7-B237-3C0479C5B7AA}"
EndProject
Project("{8BC9CEB8-8B4A-11D0-8D11-00A0C91BC942}") = "Wejsciowka02", "Wejsciowka02\Wejsciowka02.vcxproj", "{31ADBE52-F4B6-473A-98C9-3A936ED50445}"
EndProject
Project("{8BC9CEB8-8B4A-11D0-8D11-00A0C91BC942}") = "Laboratorium02", "Laboratorium02\Laboratorium02.vcxproj", "{20CADABF-A2A1-4B0E-A62E-D585EAB1A797}"
EndProject
Project("{8BC9CEB8-8B4A-11D0-8D11-00A0C91BC942}") = "Wejsciowka03", "Wejsciowka03\Wejsciowka03.vcxproj", "{B16C5D8E-BF75-4732-A9BA-8FE55D8B3F71}"
EndProject
Project("{8BC9CEB8-8B4A-11D0-8D11-00A0C91BC942}") = "Laboratorium03", "Laboratorium03\Laboratorium03.vcxproj", "{E8BD79CF-38C0-4920-B4CB-8300900BA1CE}"
EndProject
Project("{8BC9CEB8-8B4A-11D0-8D11-00A0C91BC942}") = "Wejsciowka04", "Wejsciowka04\Wejsciowka04.vcxproj", "{A0CC16D7-9985-4309-8101-624A55260D38}"
EndProject
Project("{8BC9CEB8-8B4A-11D0-8D11-00A0C91BC942}") = "Laboratorium04", "Laboratorium04\Laboratorium04.vcxproj", "{A8755C68-8336-4711-BEE1-4FA2CE67D429}"
EndProject
Project("{8BC9CEB8-8B4A-11D0-8D11-00A0C91BC942}") = "Wejsciowka05", "Wejsciowka05\Wejsciowka05.vcxproj", "{88A9F78A-FEB3-4F61-8864-FD7FA680CF3F}"
EndProject
Project("{8BC9CEB8-8B4A-11D0-8D11-00A0C91BC942}") = "Laboratorium05", "Laboratorium05\Laboratorium05.vcxproj", "{10CFF694-D85B-4C14-99CC-AE48C66E26A4}"
EndProject
Project("{8BC9CEB8-8B4A-11D0-8D11-00A0C91BC942}") = "Wejsciowka06", "Wejsciowka06\Wejsciowka06.vcxproj", "{CB6C2D55-388C-4BA5-A887-07D91300D139}"
EndProject
Project("{8BC9CEB8-8B4A-11D0-8D11-00A0C91BC942}") = "Laboratorium06", "Laboratorium06\Laboratorium06.vcxproj", "{3E56E711-7C0B-4975-9DC5-A1FB846FA642}"
EndProject
Project("{8BC9CEB8-8B4A-11D0-8D11-00A0C91BC942}") = "Wejsciowka07", "Wejsciowka07\Wejsciowka07.vcxproj", "{08B42372-864D-4158-BE24-371FC132D7FF}"
EndProject
Project("{8BC9CEB8-8B4A-11D0-8D11-00A0C91BC942}") = "Laboratorium07", "Laboratorium07\Laboratorium07.vcxproj", "{2E9705D0-8BAC-4CF0-AD2E-0F3D1B1C6BF1}"
EndProject
Project("{8BC9CEB8-8B4A-11D0-8D11-00A0C91BC942}") = "Wejsciowka08", "Wejsciowka08\Wejsciowka08.vcxproj", "{D2E1B589-43A5-455C-ADBA-1C0802C95225}"
EndProject
Project("{8BC9CEB8-8B4A-11D0-8D11-00A0C91BC942}") = "Laboratorium08", "Laboratorium08\Laboratorium08.vcxproj", "{8CDEF6F5-18FC-4681-B760-401DDBB002BB}"
EndProject
Project("{8BC9CEB8-8B4A-11D0-8D11-00A0C91BC942}") = "Wejsciowka09", "Wejsciowka09\Wejsciowka09.vcxproj", "{C83044C3-C160-4560-9629-C6E3FE10D617}"
EndProject
Project("{8BC9CEB8-8B4A-11D0-8D11-00A0C91BC942}") = "Laboratorium09", "Laboratorium09\Laboratorium09.vcxproj", "{AA86A948-0A53-4422-BE80-67280B459E1A}"
EndProject
Project("{8BC9CEB8-8B4A-11D0-8D11-00A0C91BC942}") = "Wejsciowka10", "Wejsciowka10\Wejsciowka10.vcxproj", "{E31FC221-88CC-403B-A9FF-1F66BAEA1FE2}"
EndProject
Project("{8BC9CEB8-8B4A-11D0-8D11-00A0C91BC942}") = "Laboratorium10", "Laboratorium10\Laboratorium10.vcxproj", "{B48470DC-42D5-4CAB-B7B3-0561FF932F21}"
EndProject
Project("{8BC9CEB8-8B4A-11D0-8D11-00A0C91BC942}") = "Wejsciowka11", "Wejsciowka11\Wejsciowka11.vcxproj", "{7609B27E-97E3-43B1-8631-0311A5AFB0D2}"
EndProject
Project("{8BC9CEB8-8B4A-11D0-8D11-00A0C91BC942}") = "Laboratorium11", "Laboratorium11\Laboratorium11.vcxproj", "{6DA80436-4A5A-49EA-AA3D-80C5E329EA08}"
EndProject
Project("{8BC9CEB8-8B4A-11D0-8D11-00A0C91BC942}") = "Wejsciowka12", "Wejsciowka12\Wejsciowka12.vcxproj", "{2C6FB870-FC68-47CD-82BC-A34914F27C34}"
EndProject
Global
	GlobalSection(SolutionConfigurationPlatforms) = preSolution
		Debug|x64 = Debug|x64
		Debug|x86 = Debug|x86
		Release|x64 = Release|x64
		Release|x86 = Release|x86
	EndGlobalSection
	GlobalSection(ProjectConfigurationPlatforms) = postSolution
		{F8B33F79-48E2-41A7-B237-3C0479C5B7AA}.Debug|x64.ActiveCfg = Debug|x64
		{F8B33F79-48E2-41A7-B237-3C0479C5B7AA}.Debug|x64.Build.0 = Debug|x64
		{F8B33F79-48E2-41A7-B237-3C0479C5B7AA}.Debug|x86.ActiveCfg = Debug|Win32
		{F8B33F79-48E2-41A7-B237-3C0479C5B7AA}.Debug|x86.Build.0 = Debug|Win32
		{F8B33F79-48E2-41A7-B237-3C0479C5B7AA}.Release|x64.ActiveCfg = Release|x64
		{F8B33F79-48E2-41A7-B237-3C0479C5B7AA}.Release|x64.Build.0 = Release|x64
		{F8B33F79-48E2-41A7-B237-3C0479C5B7AA}.Release|x86.ActiveCfg = Release|Win32
		{F8B33F79-48E2-41A7-B237-3C0479C5B7AA}.Release|x86.Build.0 = Release|Win32
		{31ADBE52-F4B6-473A-98C9-3A936ED50445}.Debug|x64.ActiveCfg = Debug|x64
		{31ADBE52-F4B6-473A-98C9-3A936ED50445}.Debug|x64.Build.0 = Debug|x64
		{31ADBE52-F4B6-473A-98C9-3A936ED50445}.Debug|x86.ActiveCfg = Debug|Win32
		{31ADBE52-F4B6-473A-98C9-3A936ED50445}.Debug|x86.Build.0 = Debug|Win32
		{31ADBE52-F4B6-473A-98C9-3A936ED50445}.Release|x64.ActiveCfg = Release|x64
		{31ADBE52-F4B6-473A-98C9-3A936ED50445}.Release|x64.Build.0 = Release|x64
		{31ADBE52-F4B6-473A-98C9-3A936ED50445}.Release|x86.ActiveCfg = Release|Win32
		{31ADBE52-F4B6-473A-98C9-3A936ED50445}.Release|x86.Build.0 = Release|Win32
		{20CADABF-A2A1-4B0E-A62E-D585EAB1A797}.Debug|x64.ActiveCfg = Debug|x64
		{20CADABF-A2A1-4B0E-A62E-D585EAB1A797}.Debug|x64.Build.0 = Debug|x64
		{20CADABF-A2A1-4B0E-A62E-D585EAB1A797}.Debug|x86.ActiveCfg = Debug|Win32
		{20CADABF-A2A1-4B0E-A62E-D585EAB1A797}.Debug|x86.Build.0 = Debug|Win32
		{20CADABF-A2A1-4B0E-A62E-D585EAB1A797}.Release|x64.ActiveCfg = Release|x64
		{20CADABF-A2A1-4B0E-A62E-D585EAB1A797}.Release|x64.Build.0 = Release|x64
		{20CADABF-A2A1-4B0E-A62E-D585EAB1A797}.Release|x86.ActiveCfg = Release|Win32
		{20CADABF-A2A1-4B0E-A62E-D585EAB1A797}.Release|x86.Build.0 = Release|Win32
		{B16C5D8E-BF75-4732-A9BA-8FE55D8B3F71}.Debug|x64.ActiveCfg = Debug|x64
		{B16C5D8E-BF75-4732-A9BA-8FE55D8B3F71}.Debug|x64.Build.0 = Debug|x64
		{B16C5D8E-BF75-4732-A9BA-8FE55D8B3F71}.Debug|x86.ActiveCfg = Debug|Win32
		{B16C5D8E-BF75-4732-A9BA-8FE55D8B3F71}.Debug|x86.Build.0 = Debug|Win32
		{B16C5D8E-BF75-4732-A9BA-8FE55D8B3F71}.Release|x64.ActiveCfg = Release|x64
		{B16C5D8E-BF75-4732-A9BA-8FE55D8B3F71}.Release|x64.Build.0 = Release|x64
		{B16C5D8E-BF75-4732-A9BA-8FE55D8B3F71}.Release|x86.ActiveCfg = Release|Win32
		{B16C5D8E-BF75-4732-A9BA-8FE55D8B3F71}.Release|x86.Build.0 = Release|Win32
		{E8BD79CF-38C0-4920-B4CB-8300900BA1CE}.Debug|x64.ActiveCfg = Debug|x64
		{E8BD79CF-38C0-4920-B4CB-8300900BA1CE}.Debug|x64.Build.0 = Debug|x64
		{E8BD79CF-38C0-4920-B4CB-8300900BA1CE}.Debug|x86.ActiveCfg = Debug|Win32
		{E8BD79CF-38C0-4920-B4CB-8300900BA1CE}.Debug|x86.Build.0 = Debug|Win32
		{E8BD79CF-38C0-4920-B4CB-8300900BA1CE}.Release|x64.ActiveCfg = Release|x64
		{E8BD79CF-38C0-4920-B4CB-8300900BA1CE}.Release|x64.Build.0 = Release|x64
		{E8BD79CF-38C0-4920-B4CB-8300900BA1CE}.Release|x86.ActiveCfg = Release|Win32
		{E8BD79CF-38C0-4920-B4CB-8300900BA1CE}.Release|x86.Build.0 = Release|Win32
		{A0CC16D7-9985-4309-8101-624A55260D38}.Debug|x64.ActiveCfg = Debug|x64
		{A0CC16D7-9985-4309-8101-624A55260D38}.Debug|x64.Build.0 = Debug|x64
		{A0CC16D7-9985-4309-8101-624A55260D38}.Debug|x86.ActiveCfg = Debug|Win32
		{A0CC16D7-9985-4309-8101-624A55260D38}.Debug|x86.Build.0 = Debug|Win32
		{A0CC16D7-9985-4309-8101-624A55260D38}.Release|x64.ActiveCfg = Release|x64
		{A0CC16D7-9985-4309-8101-624A55260D38}.Release|x64.Build.0 = Release|x64
		{A0CC16D7-9985-4309-8101-624A55260D38}.Release|x86.ActiveCfg = Release|Win32
		{A0CC16D7-9985-4309-8101-624A55260D38}.Release|x86.Build.0 = Release|Win32
		{A8755C68-8336-4711-BEE1-4FA2CE67D429}.Debug|x64.ActiveCfg = Debug|x64
		{A8755C68-8336-4711-BEE1-4FA2CE67D429}.Debug|x64.Build.0 = Debug|x64
		{A8755C68-8336-4711-BEE1-4FA2CE67D429}.Debug|x86.ActiveCfg = Debug|Win32
		{A8755C68-8336-4711-BEE1-4FA2CE67D429}.Debug|x86.Build.0 = Debug|Win32
		{A8755C68-8336-4711-BEE1-4FA2CE67D429}.Release|x64.ActiveCfg = Release|x64
		{A8755C68-8336-4711-BEE1-4FA2CE67D429}.Release|x64.Build.0 = Release|x64
		{A8755C68-8336-4711-BEE1-4FA2CE67D429}.Release|x86.ActiveCfg = Release|Win32
		{A8755C68-8336-4711-BEE1-4FA2CE67D429}.Release|x86.Build.0 = Release|Win32
		{88A9F78A-FEB3-4F61-8864-FD7FA680CF3F}.Debug|x64.ActiveCfg = Debug|x64
		{88A9F78A-FEB3-4F61-8864-FD7FA680CF3F}.Debug|x64.Build.0 = Debug|x64
		{88A9F78A-FEB3-4F61-8864-FD7FA680CF3F}.Debug|x86.ActiveCfg = Debug|Win32
		{88A9F78A-FEB3-4F61-8864-FD7FA680CF3F}.Debug|x86.Build.0 = Debug|Win32
		{88A9F78A-FEB3-4F61-8864-FD7FA680CF3F}.Release|x64.ActiveCfg = Release|x64
		{88A9F78A-FEB3-4F61-8864-FD7FA680CF3F}.Release|x64.Build.0 = Release|x64
		{88A9F78A-FEB3-4F61-8864-FD7FA680CF3F}.Release|x86.ActiveCfg = Release|Win32
		{88A9F78A-FEB3-4F61-8864-FD7FA680CF3F}.Release|x86.Build.0 = Release|Win32
		{10CFF694-D85B-4C14-99CC-AE48C66E26A4}.Debug|x64.ActiveCfg = Debug|x64
		{10CFF694-D85B-4C14-99CC-AE48C66E26A4}.Debug|x64.Build.0 = Debug|x64
		{10CFF694-D85B-4C14-99CC-AE48C66E26A4}.Debug|x86.ActiveCfg = Debug|Win32
		{10CFF694-D85B-4C14-99CC-AE48C66E26A4}.Debug|x86.Build.0 = Debug|Win32
		{10CFF694-D85B-4C14-99CC-AE48C66E26A4}.Release|x64.ActiveCfg = Release|x64
		{10CFF694-D85B-4C14-99CC-AE48C66E26A4}.Release|x64.Build.0 = Release|x64
		{10CFF694-D85B-4C14-99CC-AE48C66E26A4}.Release|x86.ActiveCfg = Release|Win32
		{10CFF694-D85B-4C14-99CC-AE48C66E26A4}.Release|x86.Build.0 = Release|Win32
		{CB6C2D55-388C-4BA5-A887-07D91300D139}.Debug|x64.ActiveCfg = Debug|x64
		{CB6C2D55-388C-4BA5-A887-07D91300D139}.Debug|x64.Build.0 = Debug|x64
		{CB6C2D55-388C-4BA5-A887-07D91300D139}.Debug|x86.ActiveCfg = Debug|Win32
		{CB6C2D55-388C-4BA5-A887-07D91300D139}.Debug|x86.Build.0 = Debug|Win32
		{CB6C2D55-388C-4BA5-A887-07D91300D139}.Release|x64.ActiveCfg = Release|x64
		{CB6C2D55-388C-4BA5-A887-07D91300D139}.Release|x64.Build.0 = Release|x64
		{CB6C2D55-388C-4BA5-A887-07D91300D139}.Release|x86.ActiveCfg = Release|Win32
		{CB6C2D55-388C-4BA5-A887-07D91300D139}.Release|x86.Build.0 = Release|Win32
		{3E56E711-7C0B-4975-9DC5-A1FB846FA642}.Debug|x64.ActiveCfg = Debug|x64
		{3E56E711-7C0B-4975-9DC5-A1FB846FA642}.Debug|x64.Build.0 = Debug|x64
		{3E56E711-7C0B-4975-9DC5-A1FB846FA642}.Debug|x86.ActiveCfg = Debug|Win32
		{3E56E711-7C0B-4975-9DC5-A1FB846FA642}.Debug|x86.Build.0 = Debug|Win32
		{3E56E711-7C0B-4975-9DC5-A1FB846FA642}.Release|x64.ActiveCfg = Release|x64
		{3E56E711-7C0B-4975-9DC5-A1FB846FA642}.Release|x64.Build.0 = Release|x64
		{3E56E711-7C0B-4975-9DC5-A1FB846FA642}.Release|x86.ActiveCfg = Release|Win32
		{3E56E711-7C0B-4975-9DC5-A1FB846FA642}.Release|x86.Build.0 = Release|Win32
		{08B42372-864D-4158-BE24-371FC132D7FF}.Debug|x64.ActiveCfg = Debug|x64
		{08B42372-864D-4158-BE24-371FC132D7FF}.Debug|x64.Build.0 = Debug|x64
		{08B42372-864D-4158-BE24-371FC132D7FF}.Debug|x86.ActiveCfg = Debug|Win32
		{08B42372-864D-4158-BE24-371FC132D7FF}.Debug|x86.Build.0 = Debug|Win32
		{08B42372-864D-4158-BE24-371FC132D7FF}.Release|x64.ActiveCfg = Release|x64
		{08B42372-864D-4158-BE24-371FC132D7FF}.Release|x64.Build.0 = Release|x64
		{08B42372-864D-4158-BE24-371FC132D7FF}.Release|x86.ActiveCfg = Release|Win32
		{08B42372-864D-4158-BE24-371FC132D7FF}.Release|x86.Build.0 = Release|Win32
		{2E9705D0-8BAC-4CF0-AD2E-0F3D1B1C6BF1}.Debug|x64.ActiveCfg = Debug|x64
		{2E9705D0-8BAC-4CF0-AD2E-0F3D1B1C6BF1}.Debug|x64.Build.0 = Debug|x64
		{2E9705D0-8BAC-4CF0-AD2E-0F3D1B1C6BF1}.Debug|x86.ActiveCfg = Debug|Win32
		{2E9705D0-8BAC-4CF0-AD2E-0F3D1B1C6BF1}.Debug|x86.Build.0 = Debug|Win32
		{2E9705D0-8BAC-4CF0-AD2E-0F3D1B1C6BF1}.Release|x64.ActiveCfg = Release|x64
		{2E9705D0-8BAC-4CF0-AD2E-0F3D1B1C6BF1}.Release|x64.Build.0 = Release|x64
		{2E9705D0-8BAC-4CF0-AD2E-0F3D1B1C6BF1}.Release|x86.ActiveCfg = Release|Win32
		{2E9705D0-8BAC-4CF0-AD2E-0F3D1B1C6BF1}.Release|x86.Build.0 = Release|Win32
		{D2E1B589-43A5-455C-ADBA-1C0802C95225}.Debug|x64.ActiveCfg = Debug|x64
		{D2E1B589-43A5-455C-ADBA-1C0802C95225}.Debug|x64.Build.0 = Debug|x64
		{D2E1B589-43A5-455C-ADBA-1C0802C95225}.Debug|x86.ActiveCfg = Debug|Win32
		{D2E1B589-43A5-455C-ADBA-1C0802C95225}.Debug|x86.Build.0 = Debug|Win32
		{D2E1B589-43A5-455C-ADBA-1C0802C95225}.Release|x64.ActiveCfg = Release|x64
		{D2E1B589-43A5-455C-ADBA-1C0802C95225}.Release|x64.Build.0 = Release|x64
		{D2E1B589-43A5-455C-ADBA-1C0802C95225}.Release|x86.ActiveCfg = Release|Win32
		{D2E1B589-43A5-455C-ADBA-1C0802C95225}.Release|x86.Build.0 = Release|Win32
		{8CDEF6F5-18FC-4681-B760-401DDBB002BB}.Debug|x64.ActiveCfg = Debug|x64
		{8CDEF6F5-18FC-4681-B760-401DDBB002BB}.Debug|x64.Build.0 = Debug|x64
		{8CDEF6F5-18FC-4681-B760-401DDBB002BB}.Debug|x86.ActiveCfg = Debug|Win32
		{8CDEF6F5-18FC-4681-B760-401DDBB002BB}.Debug|x86.Build.0 = Debug|Win32
		{8CDEF6F5-18FC-4681-B760-401DDBB002BB}.Release|x64.ActiveCfg = Release|x64
		{8CDEF6F5-18FC-4681-B760-401DDBB002BB}.Release|x64.Build.0 = Release|x64
		{8CDEF6F5-18FC-4681-B760-401DDBB002BB}.Release|x86.ActiveCfg = Release|Win32
		{8CDEF6F5-18FC-4681-B760-401DDBB002BB}.Release|x86.Build.0 = Release|Win32
		{C83044C3-C160-4560-9629-C6E3FE10D617}.Debug|x64.ActiveCfg = Debug|x64
		{C83044C3-C160-4560-9629-C6E3FE10D617}.Debug|x64.Build.0 = Debug|x64
		{C83044C3-C160-4560-9629-C6E3FE10D617}.Debug|x86.ActiveCfg = Debug|Win32
		{C83044C3-C160-4560-9629-C6E3FE10D617}.Debug|x86.Build.0 = Debug|Win32
		{C83044C3-C160-4560-9629-C6E3FE10D617}.Release|x64.ActiveCfg = Release|x64
		{C83044C3-C160-4560-9629-C6E3FE10D617}.Release|x64.Build.0 = Release|x64
		{C83044C3-C160-4560-9629-C6E3FE10D617}.Release|x86.ActiveCfg = Release|Win32
		{C83044C3-C160-4560-9629-C6E3FE10D617}.Release|x86.Build.0 = Release|Win32
		{AA86A948-0A53-4422-BE80-67280B459E1A}.Debug|x64.ActiveCfg = Debug|x64
		{AA86A948-0A53-4422-BE80-67280B459E1A}.Debug|x64.Build.0 = Debug|x64
		{AA86A948-0A53-4422-BE80-67280B459E1A}.Debug|x86.ActiveCfg = Debug|Win32
		{AA86A948-0A53-4422-BE80-67280B459E1A}.Debug|x86.Build.0 = Debug|Win32
		{AA86A948-0A53-4422-BE80-67280B459E1A}.Release|x64.ActiveCfg = Release|x64
		{AA86A948-0A53-4422-BE80-67280B459E1A}.Release|x64.Build.0 = Release|x64
		{AA86A948-0A53-4422-BE80-67280B459E1A}.Release|x86.ActiveCfg = Release|Win32
		{AA86A948-0A53-4422-BE80-67280B459E1A}.Release|x86.Build.0 = Release|Win32
		{E31FC221-88CC-403B-A9FF-1F66BAEA1FE2}.Debug|x64.ActiveCfg = Debug|x64
		{E31FC221-88CC-403B-A9FF-1F66BAEA1FE2}.Debug|x64.Build.0 = Debug|x64
		{E31FC221-88CC-403B-A9FF-1F66BAEA1FE2}.Debug|x86.ActiveCfg = Debug|Win32
		{E31FC221-88CC-403B-A9FF-1F66BAEA1FE2}.Debug|x86.Build.0 = Debug|Win32
		{E31FC221-88CC-403B-A9FF-1F66BAEA1FE2}.Release|x64.ActiveCfg = Release|x64
		{E31FC221-88CC-403B-A9FF-1F66BAEA1FE2}.Release|x64.Build.0 = Release|x64
		{E31FC221-88CC-403B-A9FF-1F66BAEA1FE2}.Release|x86.ActiveCfg = Release|Win32
		{E31FC221-88CC-403B-A9FF-1F66BAEA1FE2}.Release|x86.Build.0 = Release|Win32
		{B48470DC-42D5-4CAB-B7B3-0561FF932F21}.Debug|x64.ActiveCfg = Debug|x64
		{B48470DC-42D5-4CAB-B7B3-0561FF932F21}.Debug|x64.Build.0 = Debug|x64
		{B48470DC-42D5-4CAB-B7B3-0561FF932F21}.Debug|x86.ActiveCfg = Debug|Win32
		{B48470DC-42D5-4CAB-B7B3-0561FF932F21}.Debug|x86.Build.0 = Debug|Win32
		{B48470DC-42D5-4CAB-B7B3-0561FF932F21}.Release|x64.ActiveCfg = Release|x64
		{B48470DC-42D5-4CAB-B7B3-0561FF932F21}.Release|x64.Build.0 = Release|x64
		{B48470DC-42D5-4CAB-B7B3-0561FF932F21}.Release|x86.ActiveCfg = Release|Win32
		{B48470DC-42D5-4CAB-B7B3-0561FF932F21}.Release|x86.Build.0 = Release|Win32
		{7609B27E-97E3-43B1-8631-0311A5AFB0D2}.Debug|x64.ActiveCfg = Debug|x64
		{7609B27E-97E3-43B1-8631-0311A5AFB0D2}.Debug|x64.Build.0 = Debug|x64
		{7609B27E-97E3-43B1-8631-0311A5AFB0D2}.Debug|x86.ActiveCfg = Debug|Win32
		{7609B27E-97E3-43B1-8631-0311A5AFB0D2}.Debug|x86.Build.0 = Debug|Win32
		{7609B27E-97E3-43B1-8631-0311A5AFB0D2}.Release|x64.ActiveCfg = Release|x64
		{7609B27E-97E3-43B1-8631-0311A5AFB0D2}.Release|x64.Build.0 = Release|x64
		{7609B27E-97E3-43B1-8631-0311A5AFB0D2}.Release|x86.ActiveCfg = Release|Win32
		{7609B27E-97E3-43B1-8631-0311A5AFB0D2}.Release|x86.Build.0 = Release|Win32
		{6DA80436-4A5A-49EA-AA3D-80C5E329EA08}.Debug|x64.ActiveCfg = Debug|x64
		{6DA80436-4A5A-49EA-AA3D-80C5E329EA08}.Debug|x64.Build.0 = Debug|x64
		{6DA80436-4A5A-49EA-AA3D-80C5E329EA08}.Debug|x86.ActiveCfg = Debug|Win32
		{6DA80436-4A5A-49EA-AA3D-80C5E329EA08}.Debug|x86.Build.0 = Debug|Win32
		{6DA80436-4A5A-49EA-AA3D-80C5E329EA08}.Release|x64.ActiveCfg = Release|x64
		{6DA80436-4A5A-49EA-AA3D-80C5E329EA08}.Release|x64.Build.0 = Release|x64
		{6DA80436-4A5A-49EA-AA3D-80C5E329EA08}.Release|x86.ActiveCfg = Release|Win32
		{6DA80436-4A5A-49EA-AA3D-80C5E329EA08}.Release|x86.Build.0 = Release|Win32
		{2C6FB870-FC68-47CD-82BC-A34914F27C34}.Debug|x64.ActiveCfg = Debug|x64
		{2C6FB870-FC68-47CD-82BC-A34914F27C34}.Debug|x64.Build.0 = Debug|x64
		{2C6FB870-FC68-47CD-82BC-A34914F27C34}.Debug|x86.ActiveCfg = Debug|Win32
		{2C6FB870-FC68-47CD-82BC-A34914F27C34}.Debug|x86.Build.0 = Debug|Win32
		{2C6FB870-FC68-47CD-82BC-A34914F27C34}.Release|x64.ActiveCfg = Release|x64
		{2C6FB870-FC68-47CD-82BC-A34914F27C34}.Release|x64.Build.0 = Release|x64
		{2C6FB870-FC68-47CD-82BC-A34914F27C34}.Release|x86.ActiveCfg = Release|Win32
		{2C6FB870-FC68-47CD-82BC-A34914F27C34}.Release|x86.Build.0 = Release|Win32
	EndGlobalSection
	GlobalSection(SolutionProperties) = preSolution
		HideSolutionNode = FALSE
	EndGlobalSection
	GlobalSection(ExtensibilityGlobals) = postSolution
		SolutionGuid = {ACCDBA94-ADB9-4216-95AA-C477B6809583}
	EndGlobalSection
EndGlobal
